
Microsoft Visual Studio Solution File, Format Version 12.00
# Visual Studio 2012
Project("{FAE04EC0-301F-11D3-BF4B-00C04F79EFBC}") = "UnitTestProject1", "UnitTestProject1\UnitTestProject1.csproj", "{0F3E9CD2-D119-41A7-8C7C-B6677E5FED3D}"
EndProject
Project("{FAE04EC0-301F-11D3-BF4B-00C04F79EFBC}") = "MathsComponent", "MathsComponent\MathsComponent.csproj", "{3A170085-8F61-499F-BB89-5C528BE9199A}"
EndProject
Global
	GlobalSection(SolutionConfigurationPlatforms) = preSolution
		Debug|Any CPU = Debug|Any CPU
		Release|Any CPU = Release|Any CPU
	EndGlobalSection
	GlobalSection(ProjectConfigurationPlatforms) = postSolution
		{0F3E9CD2-D119-41A7-8C7C-B6677E5FED3D}.Debug|Any CPU.ActiveCfg = Debug|Any CPU
		{0F3E9CD2-D119-41A7-8C7C-B6677E5FED3D}.Debug|Any CPU.Build.0 = Debug|Any CPU
		{0F3E9CD2-D119-41A7-8C7C-B6677E5FED3D}.Release|Any CPU.ActiveCfg = Release|Any CPU
		{0F3E9CD2-D119-41A7-8C7C-B6677E5FED3D}.Release|Any CPU.Build.0 = Release|Any CPU
		{3A170085-8F61-499F-BB89-5C528BE9199A}.Debug|Any CPU.ActiveCfg = Debug|Any CPU
		{3A170085-8F61-499F-BB89-5C528BE9199A}.Debug|Any CPU.Build.0 = Debug|Any CPU
		{3A170085-8F61-499F-BB89-5C528BE9199A}.Release|Any CPU.ActiveCfg = Release|Any CPU
		{3A170085-8F61-499F-BB89-5C528BE9199A}.Release|Any CPU.Build.0 = Release|Any CPU
	EndGlobalSection
	GlobalSection(SolutionProperties) = preSolution
		HideSolutionNode = FALSE
	EndGlobalSection
EndGlobal
